Microsoft Visual Studio Solution File, Format Version 12.00
# Visual Studio Version 16
VisualStudioVersion = 16.0.29409.12
MinimumVisualStudioVersion = 10.0.40219.1
Project("{9A19103F-16F7-4668-BE54-9A1E7A4F7556}") = "Bitrix24RestApiClient", "Bitrix24RestApiClient\Bitrix24RestApiClient.csproj", "{68E24175-D9A2-42AC-A7FA-018EDC69C1BD}"
EndProject
Project("{FAE04EC0-301F-11D3-BF4B-00C04F79EFBC}") = "Bitrix24RestApiClientNUnitTests", "Bitrix24RestApiClientNUnitTests\Bitrix24RestApiClientNUnitTests.csproj", "{9242D844-849B-4BA6-8F9C-CB7A6CE235CA}"
EndProject
Global
	GlobalSection(SolutionConfigurationPlatforms) = preSolution
		Debug|Any CPU = Debug|Any CPU
		Release|Any CPU = Release|Any CPU
	EndGlobalSection
	GlobalSection(ProjectConfigurationPlatforms) = postSolution
		{68E24175-D9A2-42AC-A7FA-018EDC69C1BD}.Debug|Any CPU.ActiveCfg = Debug|Any CPU
		{68E24175-D9A2-42AC-A7FA-018EDC69C1BD}.Debug|Any CPU.Build.0 = Debug|Any CPU
		{68E24175-D9A2-42AC-A7FA-018EDC69C1BD}.Release|Any CPU.ActiveCfg = Release|Any CPU
		{68E24175-D9A2-42AC-A7FA-018EDC69C1BD}.Release|Any CPU.Build.0 = Release|Any CPU
		{9242D844-849B-4BA6-8F9C-CB7A6CE235CA}.Debug|Any CPU.ActiveCfg = Debug|Any CPU
		{9242D844-849B-4BA6-8F9C-CB7A6CE235CA}.Debug|Any CPU.Build.0 = Debug|Any CPU
		{9242D844-849B-4BA6-8F9C-CB7A6CE235CA}.Release|Any CPU.ActiveCfg = Release|Any CPU
		{9242D844-849B-4BA6-8F9C-CB7A6CE235CA}.Release|Any CPU.Build.0 = Release|Any CPU
	EndGlobalSection
	GlobalSection(SolutionProperties) = preSolution
		HideSolutionNode = FALSE
	EndGlobalSection
	GlobalSection(ExtensibilityGlobals) = postSolution
		SolutionGuid = {2CD73941-3BE9-45E1-A316-130B6E83B245}
	EndGlobalSection
EndGlobal
